
Microsoft Visual Studio Solution File, Format Version 12.00
# Visual Studio Version 17
VisualStudioVersion = 17.3.32825.248
MinimumVisualStudioVersion = 10.0.40219.1
Project("{FAE04EC0-301F-11D3-BF4B-00C04F79EFBC}") = "WebService.API", "WebService.API\WebService.API.csproj", "{0FB829C3-C744-4C47-B812-3DEC1ECA161B}"
EndProject
Project("{FAE04EC0-301F-11D3-BF4B-00C04F79EFBC}") = "WebService.Test", "WebService.Test\WebService.Test.csproj", "{E0F06448-7AD0-4FCA-907A-3B7E3A3A43D1}"
EndProject
Global
	GlobalSection(SolutionConfigurationPlatforms) = preSolution
		Debug|Any CPU = Debug|Any CPU
		Release|Any CPU = Release|Any CPU
	EndGlobalSection
	GlobalSection(ProjectConfigurationPlatforms) = postSolution
		{0FB829C3-C744-4C47-B812-3DEC1ECA161B}.Debug|Any CPU.ActiveCfg = Debug|Any CPU
		{0FB829C3-C744-4C47-B812-3DEC1ECA161B}.Debug|Any CPU.Build.0 = Debug|Any CPU
		{0FB829C3-C744-4C47-B812-3DEC1ECA161B}.Release|Any CPU.ActiveCfg = Release|Any CPU
		{0FB829C3-C744-4C47-B812-3DEC1ECA161B}.Release|Any CPU.Build.0 = Release|Any CPU
		{E0F06448-7AD0-4FCA-907A-3B7E3A3A43D1}.Debug|Any CPU.ActiveCfg = Debug|Any CPU
		{E0F06448-7AD0-4FCA-907A-3B7E3A3A43D1}.Debug|Any CPU.Build.0 = Debug|Any CPU
		{E0F06448-7AD0-4FCA-907A-3B7E3A3A43D1}.Release|Any CPU.ActiveCfg = Release|Any CPU
		{E0F06448-7AD0-4FCA-907A-3B7E3A3A43D1}.Release|Any CPU.Build.0 = Release|Any CPU
	EndGlobalSection
	GlobalSection(SolutionProperties) = preSolution
		HideSolutionNode = FALSE
	EndGlobalSection
	GlobalSection(ExtensibilityGlobals) = postSolution
		SolutionGuid = {42301C82-F83D-4967-B4CD-D47B4CC4377E}
	EndGlobalSection
EndGlobal
